<?xml version="1.0" encoding="utf-8"?>
<Project ToolsVersion="4.0" xmlns="http://schemas.microsoft.com/developer/msbuild/2003">
  <ItemGroup>
    <Filter Include="DryBone">
      <UniqueIdentifier>{1885D788-8464-5624-8D7C-E1FAF9DABC85}</UniqueIdentifier>
    </Filter>
    <Filter Include="DryBone\Events">
      <UniqueIdentifier>{bf54c292-3426-445a-bef2-3e16e620114d}</UniqueIdentifier>
    </Filter>
  </ItemGroup>
  <ItemGroup>
    <ClInclude Include="src\DryBone.h" />
    <ClInclude Include="src\DryBone\Application.h">
      <Filter>DryBone</Filter>
    </ClInclude>
    <ClInclude Include="src\DryBone\Core.h">
      <Filter>DryBone</Filter>
    </ClInclude>
    <ClInclude Include="src\DryBone\EntryPoint.h">
      <Filter>DryBone</Filter>
    </ClInclude>
    <ClInclude Include="src\DryBone\Log.h">
      <Filter>DryBone</Filter>
    </ClInclude>
    <ClInclude Include="src\DryBone\Events\Event.h">
      <Filter>DryBone\Events</Filter>
    </ClInclude>
    <ClInclude Include="src\DryBone\Events\ApplicationEvent.h">
      <Filter>DryBone\Events</Filter>
    </ClInclude>
    <ClInclude Include="src\DryBone\Events\KeyEvent.h">
      <Filter>DryBone\Events</Filter>
    </ClInclude>
    <ClInclude Include="src\DryBone\Events\MouseEvent.h">
      <Filter>DryBone\Events</Filter>
    </ClInclude>
  </ItemGroup>
  <ItemGroup>
    <ClCompile Include="src\DryBone\Application.cpp">
      <Filter>DryBone</Filter>
    </ClCompile>
    <ClCompile Include="src\DryBone\Log.cpp">
      <Filter>DryBone</Filter>
    </ClCompile>
  </ItemGroup>
</Project>